// !$*UTF8*$!
{
	archiveVersion = 1;
	classes = {
	};
	objectVersion = 55;
	objects = {

/* Begin PBXBuildFile section */
		7D4B76A5288B4CE000CCF8DD /* Persist.swift in Sources */ = {isa = PBXBuildFile; fileRef = 7D4B76A4288B4CE000CCF8DD /* Persist.swift */; };
		7DA3EE5C288717AF00EE5D28 /* AppDelegate.swift in Sources */ = {isa = PBXBuildFile; fileRef = 7DA3EE5B288717AF00EE5D28 /* AppDelegate.swift */; };
		7DA3EE5E288717AF00EE5D28 /* SceneDelegate.swift in Sources */ = {isa = PBXBuildFile; fileRef = 7DA3EE5D288717AF00EE5D28 /* SceneDelegate.swift */; };
		7DA3EE65288717B100EE5D28 /* Assets.xcassets in Resources */ = {isa = PBXBuildFile; fileRef = 7DA3EE64288717B100EE5D28 /* Assets.xcassets */; };
		7DA3EE68288717B100EE5D28 /* LaunchScreen.storyboard in Resources */ = {isa = PBXBuildFile; fileRef = 7DA3EE66288717B100EE5D28 /* LaunchScreen.storyboard */; };
		7DA3EE70288719D400EE5D28 /* LifeEventListViewController.swift in Sources */ = {isa = PBXBuildFile; fileRef = 7DA3EE6F288719D400EE5D28 /* LifeEventListViewController.swift */; };
		7DA3EE7228871A0600EE5D28 /* LifeScreenViewController.swift in Sources */ = {isa = PBXBuildFile; fileRef = 7DA3EE7128871A0600EE5D28 /* LifeScreenViewController.swift */; };
		7DA3EE7428871B3B00EE5D28 /* MainTabbarController.swift in Sources */ = {isa = PBXBuildFile; fileRef = 7DA3EE7328871B3B00EE5D28 /* MainTabbarController.swift */; };
		7DA3EE7C28872A8400EE5D28 /* LifeEventListAssembly.swift in Sources */ = {isa = PBXBuildFile; fileRef = 7DA3EE7B28872A8400EE5D28 /* LifeEventListAssembly.swift */; };
		7DA3EE8028872AA200EE5D28 /* Assembly.swift in Sources */ = {isa = PBXBuildFile; fileRef = 7DA3EE7F28872AA200EE5D28 /* Assembly.swift */; };
		7DA3EE8228872CE800EE5D28 /* LifeEventListPresenter.swift in Sources */ = {isa = PBXBuildFile; fileRef = 7DA3EE8128872CE800EE5D28 /* LifeEventListPresenter.swift */; };
		7DA3EE8428872E7500EE5D28 /* LifeEventListInteractor.swift in Sources */ = {isa = PBXBuildFile; fileRef = 7DA3EE8328872E7500EE5D28 /* LifeEventListInteractor.swift */; };
		7DA3EE8628872EC200EE5D28 /* LifeEventListRouter.swift in Sources */ = {isa = PBXBuildFile; fileRef = 7DA3EE8528872EC200EE5D28 /* LifeEventListRouter.swift */; };
		7DA3EE89288743CA00EE5D28 /* LifeEventCell.swift in Sources */ = {isa = PBXBuildFile; fileRef = 7DA3EE88288743CA00EE5D28 /* LifeEventCell.swift */; };
		7DA3EE8B2888240F00EE5D28 /* LifeScreenAssembly.swift in Sources */ = {isa = PBXBuildFile; fileRef = 7DA3EE8A2888240F00EE5D28 /* LifeScreenAssembly.swift */; };
		7DA3EE8D2888258500EE5D28 /* LifeScreenPresenter.swift in Sources */ = {isa = PBXBuildFile; fileRef = 7DA3EE8C2888258500EE5D28 /* LifeScreenPresenter.swift */; };
		7DA3EE8F2888281A00EE5D28 /* LifeScreenInteractor.swift in Sources */ = {isa = PBXBuildFile; fileRef = 7DA3EE8E2888281A00EE5D28 /* LifeScreenInteractor.swift */; };
		7DA3EE912888292C00EE5D28 /* LifeScreenRouter.swift in Sources */ = {isa = PBXBuildFile; fileRef = 7DA3EE902888292C00EE5D28 /* LifeScreenRouter.swift */; };
		7DA3EE9528882B4600EE5D28 /* PinterestLayout.swift in Sources */ = {isa = PBXBuildFile; fileRef = 7DA3EE9428882B4600EE5D28 /* PinterestLayout.swift */; };
		7DA3EE9E28885F1F00EE5D28 /* EventDetailsAssembly.swift in Sources */ = {isa = PBXBuildFile; fileRef = 7DA3EE9D28885F1F00EE5D28 /* EventDetailsAssembly.swift */; };
		7DA3EEA028885FCB00EE5D28 /* EventDetailsViewController.swift in Sources */ = {isa = PBXBuildFile; fileRef = 7DA3EE9F28885FCB00EE5D28 /* EventDetailsViewController.swift */; };
		7DA3EEA228885FDC00EE5D28 /* EventDetailsPresenter.swift in Sources */ = {isa = PBXBuildFile; fileRef = 7DA3EEA128885FDC00EE5D28 /* EventDetailsPresenter.swift */; };
		7DA3EEA428885FE700EE5D28 /* EventDetailsInteractor.swift in Sources */ = {isa = PBXBuildFile; fileRef = 7DA3EEA328885FE700EE5D28 /* EventDetailsInteractor.swift */; };
		7DA3EEA628885FF300EE5D28 /* EventDetailsRouter.swift in Sources */ = {isa = PBXBuildFile; fileRef = 7DA3EEA528885FF300EE5D28 /* EventDetailsRouter.swift */; };
		7DA3EEAA2888768300EE5D28 /* SingleImageItem.swift in Sources */ = {isa = PBXBuildFile; fileRef = 7DA3EEA92888768300EE5D28 /* SingleImageItem.swift */; };
		7DA3EEAC288876B100EE5D28 /* PhotoItemCell.swift in Sources */ = {isa = PBXBuildFile; fileRef = 7DA3EEAB288876B100EE5D28 /* PhotoItemCell.swift */; };
		7DA3EEAF288876E800EE5D28 /* NetworkManager.swift in Sources */ = {isa = PBXBuildFile; fileRef = 7DA3EEAE288876E800EE5D28 /* NetworkManager.swift */; };
		7DA3EEB128887FA700EE5D28 /* Event.swift in Sources */ = {isa = PBXBuildFile; fileRef = 7DA3EEB028887FA700EE5D28 /* Event.swift */; };
		7DA3EEB42888850900EE5D28 /* ImageDownloadManager.swift in Sources */ = {isa = PBXBuildFile; fileRef = 7DA3EEB32888850900EE5D28 /* ImageDownloadManager.swift */; };
		7DA3EEB6288891E200EE5D28 /* EventCollageCell.swift in Sources */ = {isa = PBXBuildFile; fileRef = 7DA3EEB5288891E200EE5D28 /* EventCollageCell.swift */; };
		7DA3EEB92888945800EE5D28 /* EventCollageCellViewModel.swift in Sources */ = {isa = PBXBuildFile; fileRef = 7DA3EEB82888945800EE5D28 /* EventCollageCellViewModel.swift */; };
		7DA3EEBC288993CA00EE5D28 /* LifeScreenPresentetionLanWorker.swift in Sources */ = {isa = PBXBuildFile; fileRef = 7DA3EEBB288993CA00EE5D28 /* LifeScreenPresentetionLanWorker.swift */; };
/* End PBXBuildFile section */

/* Begin PBXFileReference section */
		7D4B76A4288B4CE000CCF8DD /* Persist.swift */ = {isa = PBXFileReference; lastKnownFileType = sourcecode.swift; path = Persist.swift; sourceTree = "<group>"; };
		7DA3EE58288717AF00EE5D28 /* LifeScreen.app */ = {isa = PBXFileReference; explicitFileType = wrapper.application; includeInIndex = 0; path = LifeScreen.app; sourceTree = BUILT_PRODUCTS_DIR; };
		7DA3EE5B288717AF00EE5D28 /* AppDelegate.swift */ = {isa = PBXFileReference; lastKnownFileType = sourcecode.swift; path = AppDelegate.swift; sourceTree = "<group>"; };
		7DA3EE5D288717AF00EE5D28 /* SceneDelegate.swift */ = {isa = PBXFileReference; lastKnownFileType = sourcecode.swift; path = SceneDelegate.swift; sourceTree = "<group>"; };
		7DA3EE64288717B100EE5D28 /* Assets.xcassets */ = {isa = PBXFileReference; lastKnownFileType = folder.assetcatalog; path = Assets.xcassets; sourceTree = "<group>"; };
		7DA3EE67288717B100EE5D28 /* Base */ = {isa = PBXFileReference; lastKnownFileType = file.storyboard; name = Base; path = Base.lproj/LaunchScreen.storyboard; sourceTree = "<group>"; };
		7DA3EE69288717B100EE5D28 /* Info.plist */ = {isa = PBXFileReference; lastKnownFileType = text.plist.xml; path = Info.plist; sourceTree = "<group>"; };
		7DA3EE6F288719D400EE5D28 /* LifeEventListViewController.swift */ = {isa = PBXFileReference; lastKnownFileType = sourcecode.swift; path = LifeEventListViewController.swift; sourceTree = "<group>"; };
		7DA3EE7128871A0600EE5D28 /* LifeScreenViewController.swift */ = {isa = PBXFileReference; lastKnownFileType = sourcecode.swift; path = LifeScreenViewController.swift; sourceTree = "<group>"; };
		7DA3EE7328871B3B00EE5D28 /* MainTabbarController.swift */ = {isa = PBXFileReference; lastKnownFileType = sourcecode.swift; path = MainTabbarController.swift; sourceTree = "<group>"; };
		7DA3EE7B28872A8400EE5D28 /* LifeEventListAssembly.swift */ = {isa = PBXFileReference; lastKnownFileType = sourcecode.swift; path = LifeEventListAssembly.swift; sourceTree = "<group>"; };
		7DA3EE7F28872AA200EE5D28 /* Assembly.swift */ = {isa = PBXFileReference; lastKnownFileType = sourcecode.swift; path = Assembly.swift; sourceTree = "<group>"; };
		7DA3EE8128872CE800EE5D28 /* LifeEventListPresenter.swift */ = {isa = PBXFileReference; lastKnownFileType = sourcecode.swift; path = LifeEventListPresenter.swift; sourceTree = "<group>"; };
		7DA3EE8328872E7500EE5D28 /* LifeEventListInteractor.swift */ = {isa = PBXFileReference; lastKnownFileType = sourcecode.swift; path = LifeEventListInteractor.swift; sourceTree = "<group>"; };
		7DA3EE8528872EC200EE5D28 /* LifeEventListRouter.swift */ = {isa = PBXFileReference; lastKnownFileType = sourcecode.swift; path = LifeEventListRouter.swift; sourceTree = "<group>"; };
		7DA3EE88288743CA00EE5D28 /* LifeEventCell.swift */ = {isa = PBXFileReference; lastKnownFileType = sourcecode.swift; path = LifeEventCell.swift; sourceTree = "<group>"; };
		7DA3EE8A2888240F00EE5D28 /* LifeScreenAssembly.swift */ = {isa = PBXFileReference; lastKnownFileType = sourcecode.swift; path = LifeScreenAssembly.swift; sourceTree = "<group>"; };
		7DA3EE8C2888258500EE5D28 /* LifeScreenPresenter.swift */ = {isa = PBXFileReference; lastKnownFileType = sourcecode.swift; path = LifeScreenPresenter.swift; sourceTree = "<group>"; };
		7DA3EE8E2888281A00EE5D28 /* LifeScreenInteractor.swift */ = {isa = PBXFileReference; lastKnownFileType = sourcecode.swift; path = LifeScreenInteractor.swift; sourceTree = "<group>"; };
		7DA3EE902888292C00EE5D28 /* LifeScreenRouter.swift */ = {isa = PBXFileReference; lastKnownFileType = sourcecode.swift; path = LifeScreenRouter.swift; sourceTree = "<group>"; };
		7DA3EE9428882B4600EE5D28 /* PinterestLayout.swift */ = {isa = PBXFileReference; lastKnownFileType = sourcecode.swift; path = PinterestLayout.swift; sourceTree = "<group>"; };
		7DA3EE9D28885F1F00EE5D28 /* EventDetailsAssembly.swift */ = {isa = PBXFileReference; lastKnownFileType = sourcecode.swift; path = EventDetailsAssembly.swift; sourceTree = "<group>"; };
		7DA3EE9F28885FCB00EE5D28 /* EventDetailsViewController.swift */ = {isa = PBXFileReference; lastKnownFileType = sourcecode.swift; path = EventDetailsViewController.swift; sourceTree = "<group>"; };
		7DA3EEA128885FDC00EE5D28 /* EventDetailsPresenter.swift */ = {isa = PBXFileReference; lastKnownFileType = sourcecode.swift; path = EventDetailsPresenter.swift; sourceTree = "<group>"; };
		7DA3EEA328885FE700EE5D28 /* EventDetailsInteractor.swift */ = {isa = PBXFileReference; lastKnownFileType = sourcecode.swift; path = EventDetailsInteractor.swift; sourceTree = "<group>"; };
		7DA3EEA528885FF300EE5D28 /* EventDetailsRouter.swift */ = {isa = PBXFileReference; lastKnownFileType = sourcecode.swift; path = EventDetailsRouter.swift; sourceTree = "<group>"; };
		7DA3EEA92888768300EE5D28 /* SingleImageItem.swift */ = {isa = PBXFileReference; lastKnownFileType = sourcecode.swift; path = SingleImageItem.swift; sourceTree = "<group>"; };
		7DA3EEAB288876B100EE5D28 /* PhotoItemCell.swift */ = {isa = PBXFileReference; lastKnownFileType = sourcecode.swift; path = PhotoItemCell.swift; sourceTree = "<group>"; };
		7DA3EEAE288876E800EE5D28 /* NetworkManager.swift */ = {isa = PBXFileReference; lastKnownFileType = sourcecode.swift; path = NetworkManager.swift; sourceTree = "<group>"; };
		7DA3EEB028887FA700EE5D28 /* Event.swift */ = {isa = PBXFileReference; lastKnownFileType = sourcecode.swift; path = Event.swift; sourceTree = "<group>"; };
		7DA3EEB32888850900EE5D28 /* ImageDownloadManager.swift */ = {isa = PBXFileReference; lastKnownFileType = sourcecode.swift; path = ImageDownloadManager.swift; sourceTree = "<group>"; };
		7DA3EEB5288891E200EE5D28 /* EventCollageCell.swift */ = {isa = PBXFileReference; lastKnownFileType = sourcecode.swift; path = EventCollageCell.swift; sourceTree = "<group>"; };
		7DA3EEB82888945800EE5D28 /* EventCollageCellViewModel.swift */ = {isa = PBXFileReference; lastKnownFileType = sourcecode.swift; path = EventCollageCellViewModel.swift; sourceTree = "<group>"; };
		7DA3EEBB288993CA00EE5D28 /* LifeScreenPresentetionLanWorker.swift */ = {isa = PBXFileReference; lastKnownFileType = sourcecode.swift; path = LifeScreenPresentetionLanWorker.swift; sourceTree = "<group>"; };
/* End PBXFileReference section */

/* Begin PBXFrameworksBuildPhase section */
		7DA3EE55288717AF00EE5D28 /* Frameworks */ = {
			isa = PBXFrameworksBuildPhase;
			buildActionMask = 2147483647;
			files = (
			);
			runOnlyForDeploymentPostprocessing = 0;
		};
/* End PBXFrameworksBuildPhase section */

/* Begin PBXGroup section */
		7D4B76A3288B4CC600CCF8DD /* Wrappers */ = {
			isa = PBXGroup;
			children = (
				7D4B76A4288B4CE000CCF8DD /* Persist.swift */,
			);
			path = Wrappers;
			sourceTree = "<group>";
		};
		7DA3EE4F288717AF00EE5D28 = {
			isa = PBXGroup;
			children = (
				7DA3EE5A288717AF00EE5D28 /* LifeScreen */,
				7DA3EE59288717AF00EE5D28 /* Products */,
			);
			sourceTree = "<group>";
		};
		7DA3EE59288717AF00EE5D28 /* Products */ = {
			isa = PBXGroup;
			children = (
				7DA3EE58288717AF00EE5D28 /* LifeScreen.app */,
			);
			name = Products;
			sourceTree = "<group>";
		};
		7DA3EE5A288717AF00EE5D28 /* LifeScreen */ = {
			isa = PBXGroup;
			children = (
				7DA3EE7D28872A8700EE5D28 /* Common */,
				7DA3EE7528871FBD00EE5D28 /* App */,
				7DA3EE7928871FF800EE5D28 /* Default */,
				7DA3EE7A2887201300EE5D28 /* Supporting Files */,
			);
			path = LifeScreen;
			sourceTree = "<group>";
		};
		7DA3EE7528871FBD00EE5D28 /* App */ = {
			isa = PBXGroup;
			children = (
				7DA3EE7828871FE900EE5D28 /* MainTabBar */,
				7DA3EE7628871FD400EE5D28 /* LifeEventList */,
				7DA3EE7728871FDF00EE5D28 /* LifeScreen */,
				7DA3EE9928882DF300EE5D28 /* EventDetails */,
				7DA3EE9828882DC300EE5D28 /* AddEvent */,
				7DA3EE9A28882E8700EE5D28 /* Settings */,
				7DA3EE9B288835FC00EE5D28 /* PhotoAlbum */,
				7DA3EE9C288836CF00EE5D28 /* PhotoDetails */,
			);
			path = App;
			sourceTree = "<group>";
		};
		7DA3EE7628871FD400EE5D28 /* LifeEventList */ = {
			isa = PBXGroup;
			children = (
				7DA3EE7B28872A8400EE5D28 /* LifeEventListAssembly.swift */,
				7DA3EE6F288719D400EE5D28 /* LifeEventListViewController.swift */,
				7DA3EE8328872E7500EE5D28 /* LifeEventListInteractor.swift */,
				7DA3EE8128872CE800EE5D28 /* LifeEventListPresenter.swift */,
				7DA3EE8528872EC200EE5D28 /* LifeEventListRouter.swift */,
				7DA3EE9628882BB300EE5D28 /* Entity */,
				7DA3EE872887439F00EE5D28 /* Cells */,
			);
			path = LifeEventList;
			sourceTree = "<group>";
		};
		7DA3EE7728871FDF00EE5D28 /* LifeScreen */ = {
			isa = PBXGroup;
			children = (
				7DA3EEBA288993AE00EE5D28 /* Workers */,
				7DA3EE8A2888240F00EE5D28 /* LifeScreenAssembly.swift */,
				7DA3EE7128871A0600EE5D28 /* LifeScreenViewController.swift */,
				7DA3EE8C2888258500EE5D28 /* LifeScreenPresenter.swift */,
				7DA3EE8E2888281A00EE5D28 /* LifeScreenInteractor.swift */,
				7DA3EE902888292C00EE5D28 /* LifeScreenRouter.swift */,
				7DA3EEB72888942F00EE5D28 /* ViewModels */,
				7DA3EEA82888761000EE5D28 /*  Temporary Elements */,
				7DA3EE9728882BEC00EE5D28 /* Entity */,
				7DA3EE9328882B1A00EE5D28 /* Layout */,
				7DA3EE9228882B0D00EE5D28 /* Cells */,
			);
			path = LifeScreen;
			sourceTree = "<group>";
		};
		7DA3EE7828871FE900EE5D28 /* MainTabBar */ = {
			isa = PBXGroup;
			children = (
				7DA3EE7328871B3B00EE5D28 /* MainTabbarController.swift */,
			);
			path = MainTabBar;
			sourceTree = "<group>";
		};
		7DA3EE7928871FF800EE5D28 /* Default */ = {
			isa = PBXGroup;
			children = (
				7DA3EE66288717B100EE5D28 /* LaunchScreen.storyboard */,
				7DA3EE5B288717AF00EE5D28 /* AppDelegate.swift */,
				7DA3EE5D288717AF00EE5D28 /* SceneDelegate.swift */,
			);
			path = Default;
			sourceTree = "<group>";
		};
		7DA3EE7A2887201300EE5D28 /* Supporting Files */ = {
			isa = PBXGroup;
			children = (
				7DA3EE64288717B100EE5D28 /* Assets.xcassets */,
				7DA3EE69288717B100EE5D28 /* Info.plist */,
			);
			path = "Supporting Files";
			sourceTree = "<group>";
		};
		7DA3EE7D28872A8700EE5D28 /* Common */ = {
			isa = PBXGroup;
			children = (
				7DA3EEAD288876D300EE5D28 /* Workers */,
				7D4B76A3288B4CC600CCF8DD /* Wrappers */,
				7DA3EE7E28872A9300EE5D28 /* Protocols */,
			);
			path = Common;
			sourceTree = "<group>";
		};
		7DA3EE7E28872A9300EE5D28 /* Protocols */ = {
			isa = PBXGroup;
			children = (
				7DA3EE7F28872AA200EE5D28 /* Assembly.swift */,
			);
			path = Protocols;
			sourceTree = "<group>";
		};
		7DA3EE872887439F00EE5D28 /* Cells */ = {
			isa = PBXGroup;
			children = (
				7DA3EE88288743CA00EE5D28 /* LifeEventCell.swift */,
			);
			path = Cells;
			sourceTree = "<group>";
		};
		7DA3EE9228882B0D00EE5D28 /* Cells */ = {
			isa = PBXGroup;
			children = (
				7DA3EEB5288891E200EE5D28 /* EventCollageCell.swift */,
			);
			path = Cells;
			sourceTree = "<group>";
		};
		7DA3EE9328882B1A00EE5D28 /* Layout */ = {
			isa = PBXGroup;
			children = (
				7DA3EE9428882B4600EE5D28 /* PinterestLayout.swift */,
			);
			path = Layout;
			sourceTree = "<group>";
		};
		7DA3EE9628882BB300EE5D28 /* Entity */ = {
			isa = PBXGroup;
			children = (
			);
			path = Entity;
			sourceTree = "<group>";
		};
		7DA3EE9728882BEC00EE5D28 /* Entity */ = {
			isa = PBXGroup;
			children = (
				7DA3EEB028887FA700EE5D28 /* Event.swift */,
			);
			path = Entity;
			sourceTree = "<group>";
		};
		7DA3EE9828882DC300EE5D28 /* AddEvent */ = {
			isa = PBXGroup;
			children = (
			);
			path = AddEvent;
			sourceTree = "<group>";
		};
		7DA3EE9928882DF300EE5D28 /* EventDetails */ = {
			isa = PBXGroup;
			children = (
				7DA3EE9D28885F1F00EE5D28 /* EventDetailsAssembly.swift */,
				7DA3EE9F28885FCB00EE5D28 /* EventDetailsViewController.swift */,
				7DA3EEA128885FDC00EE5D28 /* EventDetailsPresenter.swift */,
				7DA3EEA328885FE700EE5D28 /* EventDetailsInteractor.swift */,
				7DA3EEA528885FF300EE5D28 /* EventDetailsRouter.swift */,
				7DA3EEA728885FFC00EE5D28 /* Cells */,
			);
			name = EventDetails;
			path = ../EventDetails;
			sourceTree = "<group>";
		};
		7DA3EE9A28882E8700EE5D28 /* Settings */ = {
			isa = PBXGroup;
			children = (
			);
			path = Settings;
			sourceTree = "<group>";
		};
		7DA3EE9B288835FC00EE5D28 /* PhotoAlbum */ = {
			isa = PBXGroup;
			children = (
			);
			path = PhotoAlbum;
			sourceTree = "<group>";
		};
		7DA3EE9C288836CF00EE5D28 /* PhotoDetails */ = {
			isa = PBXGroup;
			children = (
			);
			path = PhotoDetails;
			sourceTree = "<group>";
		};
		7DA3EEA728885FFC00EE5D28 /* Cells */ = {
			isa = PBXGroup;
			children = (
			);
			path = Cells;
			sourceTree = "<group>";
		};
		7DA3EEA82888761000EE5D28 /*  Temporary Elements */ = {
			isa = PBXGroup;
			children = (
				7DA3EEA92888768300EE5D28 /* SingleImageItem.swift */,
				7DA3EEAB288876B100EE5D28 /* PhotoItemCell.swift */,
			);
			path = " Temporary Elements";
			sourceTree = "<group>";
		};
		7DA3EEAD288876D300EE5D28 /* Workers */ = {
			isa = PBXGroup;
			children = (
				7DA3EEAE288876E800EE5D28 /* NetworkManager.swift */,
				7DA3EEB32888850900EE5D28 /* ImageDownloadManager.swift */,
			);
			path = Workers;
			sourceTree = "<group>";
		};
		7DA3EEB72888942F00EE5D28 /* ViewModels */ = {
			isa = PBXGroup;
			children = (
				7DA3EEB82888945800EE5D28 /* EventCollageCellViewModel.swift */,
			);
			path = ViewModels;
			sourceTree = "<group>";
		};
		7DA3EEBA288993AE00EE5D28 /* Workers */ = {
			isa = PBXGroup;
			children = (
				7DA3EEBB288993CA00EE5D28 /* LifeScreenPresentetionLanWorker.swift */,
			);
			path = Workers;
			sourceTree = "<group>";
		};
/* End PBXGroup section */

/* Begin PBXNativeTarget section */
		7DA3EE57288717AF00EE5D28 /* LifeScreen */ = {
			isa = PBXNativeTarget;
			buildConfigurationList = 7DA3EE6C288717B100EE5D28 /* Build configuration list for PBXNativeTarget "LifeScreen" */;
			buildPhases = (
				7DA3EE54288717AF00EE5D28 /* Sources */,
				7DA3EE55288717AF00EE5D28 /* Frameworks */,
				7DA3EE56288717AF00EE5D28 /* Resources */,
			);
			buildRules = (
			);
			dependencies = (
			);
			name = LifeScreen;
			productName = LifeScreen;
			productReference = 7DA3EE58288717AF00EE5D28 /* LifeScreen.app */;
			productType = "com.apple.product-type.application";
		};
/* End PBXNativeTarget section */

/* Begin PBXProject section */
		7DA3EE50288717AF00EE5D28 /* Project object */ = {
			isa = PBXProject;
			attributes = {
				BuildIndependentTargetsInParallel = 1;
				LastSwiftUpdateCheck = 1340;
				LastUpgradeCheck = 1340;
				TargetAttributes = {
					7DA3EE57288717AF00EE5D28 = {
						CreatedOnToolsVersion = 13.4.1;
					};
				};
			};
			buildConfigurationList = 7DA3EE53288717AF00EE5D28 /* Build configuration list for PBXProject "LifeScreen" */;
			compatibilityVersion = "Xcode 13.0";
			developmentRegion = en;
			hasScannedForEncodings = 0;
			knownRegions = (
				en,
				Base,
			);
			mainGroup = 7DA3EE4F288717AF00EE5D28;
			productRefGroup = 7DA3EE59288717AF00EE5D28 /* Products */;
			projectDirPath = "";
			projectRoot = "";
			targets = (
				7DA3EE57288717AF00EE5D28 /* LifeScreen */,
			);
		};
/* End PBXProject section */

/* Begin PBXResourcesBuildPhase section */
		7DA3EE56288717AF00EE5D28 /* Resources */ = {
			isa = PBXResourcesBuildPhase;
			buildActionMask = 2147483647;
			files = (
				7DA3EE68288717B100EE5D28 /* LaunchScreen.storyboard in Resources */,
				7DA3EE65288717B100EE5D28 /* Assets.xcassets in Resources */,
			);
			runOnlyForDeploymentPostprocessing = 0;
		};
/* End PBXResourcesBuildPhase section */

/* Begin PBXSourcesBuildPhase section */
		7DA3EE54288717AF00EE5D28 /* Sources */ = {
			isa = PBXSourcesBuildPhase;
			buildActionMask = 2147483647;
			files = (
				7DA3EEAC288876B100EE5D28 /* PhotoItemCell.swift in Sources */,
				7DA3EE7228871A0600EE5D28 /* LifeScreenViewController.swift in Sources */,
				7DA3EE5C288717AF00EE5D28 /* AppDelegate.swift in Sources */,
				7DA3EE7C28872A8400EE5D28 /* LifeEventListAssembly.swift in Sources */,
				7DA3EE912888292C00EE5D28 /* LifeScreenRouter.swift in Sources */,
				7DA3EEBC288993CA00EE5D28 /* LifeScreenPresentetionLanWorker.swift in Sources */,
				7DA3EE89288743CA00EE5D28 /* LifeEventCell.swift in Sources */,
				7DA3EE8028872AA200EE5D28 /* Assembly.swift in Sources */,
				7DA3EEA028885FCB00EE5D28 /* EventDetailsViewController.swift in Sources */,
				7DA3EE7428871B3B00EE5D28 /* MainTabbarController.swift in Sources */,
				7DA3EE8228872CE800EE5D28 /* LifeEventListPresenter.swift in Sources */,
				7DA3EEB42888850900EE5D28 /* ImageDownloadManager.swift in Sources */,
				7DA3EEB92888945800EE5D28 /* EventCollageCellViewModel.swift in Sources */,
				7DA3EE8D2888258500EE5D28 /* LifeScreenPresenter.swift in Sources */,
				7DA3EEA428885FE700EE5D28 /* EventDetailsInteractor.swift in Sources */,
				7DA3EEAF288876E800EE5D28 /* NetworkManager.swift in Sources */,
				7DA3EE8B2888240F00EE5D28 /* LifeScreenAssembly.swift in Sources */,
				7DA3EE5E288717AF00EE5D28 /* SceneDelegate.swift in Sources */,
				7DA3EE8F2888281A00EE5D28 /* LifeScreenInteractor.swift in Sources */,
				7DA3EEA228885FDC00EE5D28 /* EventDetailsPresenter.swift in Sources */,
				7D4B76A5288B4CE000CCF8DD /* Persist.swift in Sources */,
				7DA3EE9528882B4600EE5D28 /* PinterestLayout.swift in Sources */,
				7DA3EEA628885FF300EE5D28 /* EventDetailsRouter.swift in Sources */,
				7DA3EE8428872E7500EE5D28 /* LifeEventListInteractor.swift in Sources */,
				7DA3EEB6288891E200EE5D28 /* EventCollageCell.swift in Sources */,
				7DA3EEAA2888768300EE5D28 /* SingleImageItem.swift in Sources */,
				7DA3EE9E28885F1F00EE5D28 /* EventDetailsAssembly.swift in Sources */,
				7DA3EE70288719D400EE5D28 /* LifeEventListViewController.swift in Sources */,
				7DA3EE8628872EC200EE5D28 /* LifeEventListRouter.swift in Sources */,
				7DA3EEB128887FA700EE5D28 /* Event.swift in Sources */,
			);
			runOnlyForDeploymentPostprocessing = 0;
		};
/* End PBXSourcesBuildPhase section */

/* Begin PBXVariantGroup section */
		7DA3EE66288717B100EE5D28 /* LaunchScreen.storyboard */ = {
			isa = PBXVariantGroup;
			children = (
				7DA3EE67288717B100EE5D28 /* Base */,
			);
			name = LaunchScreen.storyboard;
			sourceTree = "<group>";
		};
/* End PBXVariantGroup section */

/* Begin XCBuildConfiguration section */
		7DA3EE6A288717B100EE5D28 /* Debug */ = {
			isa = XCBuildConfiguration;
			buildSettings = {
				ALWAYS_SEARCH_USER_PATHS = NO;
				CLANG_ANALYZER_NONNULL = YES;
				CLANG_ANALYZER_NUMBER_OBJECT_CONVERSION = YES_AGGRESSIVE;
				CLANG_CXX_LANGUAGE_STANDARD = "gnu++17";
				CLANG_ENABLE_MODULES = YES;
				CLANG_ENABLE_OBJC_ARC = YES;
				CLANG_ENABLE_OBJC_WEAK = YES;
				CLANG_WARN_BLOCK_CAPTURE_AUTORELEASING = YES;
				CLANG_WARN_BOOL_CONVERSION = YES;
				CLANG_WARN_COMMA = YES;
				CLANG_WARN_CONSTANT_CONVERSION = YES;
				CLANG_WARN_DEPRECATED_OBJC_IMPLEMENTATIONS = YES;
				CLANG_WARN_DIRECT_OBJC_ISA_USAGE = YES_ERROR;
				CLANG_WARN_DOCUMENTATION_COMMENTS = YES;
				CLANG_WARN_EMPTY_BODY = YES;
				CLANG_WARN_ENUM_CONVERSION = YES;
				CLANG_WARN_INFINITE_RECURSION = YES;
				CLANG_WARN_INT_CONVERSION = YES;
				CLANG_WARN_NON_LITERAL_NULL_CONVERSION = YES;
				CLANG_WARN_OBJC_IMPLICIT_RETAIN_SELF = YES;
				CLANG_WARN_OBJC_LITERAL_CONVERSION = YES;
				CLANG_WARN_OBJC_ROOT_CLASS = YES_ERROR;
				CLANG_WARN_QUOTED_INCLUDE_IN_FRAMEWORK_HEADER = YES;
				CLANG_WARN_RANGE_LOOP_ANALYSIS = YES;
				CLANG_WARN_STRICT_PROTOTYPES = YES;
				CLANG_WARN_SUSPICIOUS_MOVE = YES;
				CLANG_WARN_UNGUARDED_AVAILABILITY = YES_AGGRESSIVE;
				CLANG_WARN_UNREACHABLE_CODE = YES;
				CLANG_WARN__DUPLICATE_METHOD_MATCH = YES;
				COPY_PHASE_STRIP = NO;
				DEBUG_INFORMATION_FORMAT = dwarf;
				ENABLE_STRICT_OBJC_MSGSEND = YES;
				ENABLE_TESTABILITY = YES;
				GCC_C_LANGUAGE_STANDARD = gnu11;
				GCC_DYNAMIC_NO_PIC = NO;
				GCC_NO_COMMON_BLOCKS = YES;
				GCC_OPTIMIZATION_LEVEL = 0;
				GCC_PREPROCESSOR_DEFINITIONS = (
					"DEBUG=1",
					"$(inherited)",
				);
				GCC_WARN_64_TO_32_BIT_CONVERSION = YES;
				GCC_WARN_ABOUT_RETURN_TYPE = YES_ERROR;
				GCC_WARN_UNDECLARED_SELECTOR = YES;
				GCC_WARN_UNINITIALIZED_AUTOS = YES_AGGRESSIVE;
				GCC_WARN_UNUSED_FUNCTION = YES;
				GCC_WARN_UNUSED_VARIABLE = YES;
				IPHONEOS_DEPLOYMENT_TARGET = 15.5;
				MTL_ENABLE_DEBUG_INFO = INCLUDE_SOURCE;
				MTL_FAST_MATH = YES;
				ONLY_ACTIVE_ARCH = YES;
				SDKROOT = iphoneos;
				SWIFT_ACTIVE_COMPILATION_CONDITIONS = DEBUG;
				SWIFT_OPTIMIZATION_LEVEL = "-Onone";
			};
			name = Debug;
		};
		7DA3EE6B288717B100EE5D28 /* Release */ = {
			isa = XCBuildConfiguration;
			buildSettings = {
				ALWAYS_SEARCH_USER_PATHS = NO;
				CLANG_ANALYZER_NONNULL = YES;
				CLANG_ANALYZER_NUMBER_OBJECT_CONVERSION = YES_AGGRESSIVE;
				CLANG_CXX_LANGUAGE_STANDARD = "gnu++17";
				CLANG_ENABLE_MODULES = YES;
				CLANG_ENABLE_OBJC_ARC = YES;
				CLANG_ENABLE_OBJC_WEAK = YES;
				CLANG_WARN_BLOCK_CAPTURE_AUTORELEASING = YES;
				CLANG_WARN_BOOL_CONVERSION = YES;
				CLANG_WARN_COMMA = YES;
				CLANG_WARN_CONSTANT_CONVERSION = YES;
				CLANG_WARN_DEPRECATED_OBJC_IMPLEMENTATIONS = YES;
				CLANG_WARN_DIRECT_OBJC_ISA_USAGE = YES_ERROR;
				CLANG_WARN_DOCUMENTATION_COMMENTS = YES;
				CLANG_WARN_EMPTY_BODY = YES;
				CLANG_WARN_ENUM_CONVERSION = YES;
				CLANG_WARN_INFINITE_RECURSION = YES;
				CLANG_WARN_INT_CONVERSION = YES;
				CLANG_WARN_NON_LITERAL_NULL_CONVERSION = YES;
				CLANG_WARN_OBJC_IMPLICIT_RETAIN_SELF = YES;
				CLANG_WARN_OBJC_LITERAL_CONVERSION = YES;
				CLANG_WARN_OBJC_ROOT_CLASS = YES_ERROR;
				CLANG_WARN_QUOTED_INCLUDE_IN_FRAMEWORK_HEADER = YES;
				CLANG_WARN_RANGE_LOOP_ANALYSIS = YES;
				CLANG_WARN_STRICT_PROTOTYPES = YES;
				CLANG_WARN_SUSPICIOUS_MOVE = YES;
				CLANG_WARN_UNGUARDED_AVAILABILITY = YES_AGGRESSIVE;
				CLANG_WARN_UNREACHABLE_CODE = YES;
				CLANG_WARN__DUPLICATE_METHOD_MATCH = YES;
				COPY_PHASE_STRIP = NO;
				DEBUG_INFORMATION_FORMAT = "dwarf-with-dsym";
				ENABLE_NS_ASSERTIONS = NO;
				ENABLE_STRICT_OBJC_MSGSEND = YES;
				GCC_C_LANGUAGE_STANDARD = gnu11;
				GCC_NO_COMMON_BLOCKS = YES;
				GCC_WARN_64_TO_32_BIT_CONVERSION = YES;
				GCC_WARN_ABOUT_RETURN_TYPE = YES_ERROR;
				GCC_WARN_UNDECLARED_SELECTOR = YES;
				GCC_WARN_UNINITIALIZED_AUTOS = YES_AGGRESSIVE;
				GCC_WARN_UNUSED_FUNCTION = YES;
				GCC_WARN_UNUSED_VARIABLE = YES;
				IPHONEOS_DEPLOYMENT_TARGET = 15.5;
				MTL_ENABLE_DEBUG_INFO = NO;
				MTL_FAST_MATH = YES;
				SDKROOT = iphoneos;
				SWIFT_COMPILATION_MODE = wholemodule;
				SWIFT_OPTIMIZATION_LEVEL = "-O";
				VALIDATE_PRODUCT = YES;
			};
			name = Release;
		};
		7DA3EE6D288717B100EE5D28 /* Debug */ = {
			isa = XCBuildConfiguration;
			buildSettings = {
				ASSETCATALOG_COMPILER_APPICON_NAME = AppIcon;
				ASSETCATALOG_COMPILER_GLOBAL_ACCENT_COLOR_NAME = AccentColor;
				CODE_SIGN_STYLE = Automatic;
				CURRENT_PROJECT_VERSION = 1;
				DEVELOPMENT_TEAM = WJM24K3YHR;
				GENERATE_INFOPLIST_FILE = YES;
				INFOPLIST_FILE = "LifeScreen/Supporting Files/Info.plist";
				INFOPLIST_KEY_UIApplicationSupportsIndirectInputEvents = YES;
				INFOPLIST_KEY_UILaunchStoryboardName = LaunchScreen;
				INFOPLIST_KEY_UISupportedInterfaceOrientations_iPad = "UIInterfaceOrientationPortrait UIInterfaceOrientationPortraitUpsideDown UIInterfaceOrientationLandscapeLeft UIInterfaceOrientationLandscapeRight";
				INFOPLIST_KEY_UISupportedInterfaceOrientations_iPhone = "UIInterfaceOrientationPortrait UIInterfaceOrientationLandscapeLeft UIInterfaceOrientationLandscapeRight";
				IPHONEOS_DEPLOYMENT_TARGET = 14.0;
				LD_RUNPATH_SEARCH_PATHS = (
					"$(inherited)",
					"@executable_path/Frameworks",
				);
				MARKETING_VERSION = 1.0;
				PRODUCT_BUNDLE_IDENTIFIER = "com.Rubis-Vladimir.LifeScreen";
				PRODUCT_NAME = "$(TARGET_NAME)";
				SWIFT_EMIT_LOC_STRINGS = YES;
				SWIFT_VERSION = 5.0;
				TARGETED_DEVICE_FAMILY = "1,2";
			};
			name = Debug;
		};
		7DA3EE6E288717B100EE5D28 /* Release */ = {
			isa = XCBuildConfiguration;
			buildSettings = {
				ASSETCATALOG_COMPILER_APPICON_NAME = AppIcon;
				ASSETCATALOG_COMPILER_GLOBAL_ACCENT_COLOR_NAME = AccentColor;
				CODE_SIGN_STYLE = Automatic;
				CURRENT_PROJECT_VERSION = 1;
				DEVELOPMENT_TEAM = WJM24K3YHR;
				GENERATE_INFOPLIST_FILE = YES;
				INFOPLIST_FILE = "LifeScreen/Supporting Files/Info.plist";
				INFOPLIST_KEY_UIApplicationSupportsIndirectInputEvents = YES;
				INFOPLIST_KEY_UILaunchStoryboardName = LaunchScreen;
				INFOPLIST_KEY_UISupportedInterfaceOrientations_iPad = "UIInterfaceOrientationPortrait UIInterfaceOrientationPortraitUpsideDown UIInterfaceOrientationLandscapeLeft UIInterfaceOrientationLandscapeRight";
				INFOPLIST_KEY_UISupportedInterfaceOrientations_iPhone = "UIInterfaceOrientationPortrait UIInterfaceOrientationLandscapeLeft UIInterfaceOrientationLandscapeRight";
				IPHONEOS_DEPLOYMENT_TARGET = 14.0;
				LD_RUNPATH_SEARCH_PATHS = (
					"$(inherited)",
					"@executable_path/Frameworks",
				);
				MARKETING_VERSION = 1.0;
				PRODUCT_BUNDLE_IDENTIFIER = "com.Rubis-Vladimir.LifeScreen";
				PRODUCT_NAME = "$(TARGET_NAME)";
				SWIFT_EMIT_LOC_STRINGS = YES;
				SWIFT_VERSION = 5.0;
				TARGETED_DEVICE_FAMILY = "1,2";
			};
			name = Release;
		};
/* End XCBuildConfiguration section */

/* Begin XCConfigurationList section */
		7DA3EE53288717AF00EE5D28 /* Build configuration list for PBXProject "LifeScreen" */ = {
			isa = XCConfigurationList;
			buildConfigurations = (
				7DA3EE6A288717B100EE5D28 /* Debug */,
				7DA3EE6B288717B100EE5D28 /* Release */,
			);
			defaultConfigurationIsVisible = 0;
			defaultConfigurationName = Release;
		};
		7DA3EE6C288717B100EE5D28 /* Build configuration list for PBXNativeTarget "LifeScreen" */ = {
			isa = XCConfigurationList;
			buildConfigurations = (
				7DA3EE6D288717B100EE5D28 /* Debug */,
				7DA3EE6E288717B100EE5D28 /* Release */,
			);
			defaultConfigurationIsVisible = 0;
			defaultConfigurationName = Release;
		};
/* End XCConfigurationList section */
	};
	rootObject = 7DA3EE50288717AF00EE5D28 /* Project object */;
}
